// !$*UTF8*$!
{
	archiveVersion = 1;
	classes = {
	};
	objectVersion = 46;
	objects = {

/* Begin PBXBuildFile section */
		34A191E81DE761D700EC26FB /* AppDelegate.swift in Sources */ = {isa = PBXBuildFile; fileRef = 34A191E71DE761D700EC26FB /* AppDelegate.swift */; };
		34A191ED1DE761D700EC26FB /* Main.storyboard in Resources */ = {isa = PBXBuildFile; fileRef = 34A191EB1DE761D700EC26FB /* Main.storyboard */; };
		34A191EF1DE761D700EC26FB /* Assets.xcassets in Resources */ = {isa = PBXBuildFile; fileRef = 34A191EE1DE761D700EC26FB /* Assets.xcassets */; };
		34A191F21DE761D700EC26FB /* LaunchScreen.storyboard in Resources */ = {isa = PBXBuildFile; fileRef = 34A191F01DE761D700EC26FB /* LaunchScreen.storyboard */; };
		34A191FD1DE761D700EC26FB /* CheckoutTests.swift in Sources */ = {isa = PBXBuildFile; fileRef = 34A191FC1DE761D700EC26FB /* CheckoutTests.swift */; };
		34AAEE6F1DEF4AF000DD5026 /* LoginManageable.swift in Sources */ = {isa = PBXBuildFile; fileRef = 34AAEE6E1DEF4AF000DD5026 /* LoginManageable.swift */; };
		34D6BE071DED13AF00C1E487 /* View.swift in Sources */ = {isa = PBXBuildFile; fileRef = 34D6BE061DED13AF00C1E487 /* View.swift */; };
		34D6BE0A1DEDB73500C1E487 /* LoginView.swift in Sources */ = {isa = PBXBuildFile; fileRef = 34D6BE091DEDB73500C1E487 /* LoginView.swift */; };
		34D6BE0E1DEDCDCB00C1E487 /* LoginService.swift in Sources */ = {isa = PBXBuildFile; fileRef = 34D6BE0D1DEDCDCB00C1E487 /* LoginService.swift */; };
		34D6BE111DEDCE5300C1E487 /* User.swift in Sources */ = {isa = PBXBuildFile; fileRef = 34D6BE101DEDCE5300C1E487 /* User.swift */; };
		34D6BE141DEDCF8200C1E487 /* Just.swift in Sources */ = {isa = PBXBuildFile; fileRef = 34D6BE131DEDCF8200C1E487 /* Just.swift */; };
		34D6BE161DEDD21400C1E487 /* JSONDecodable.swift in Sources */ = {isa = PBXBuildFile; fileRef = 34D6BE151DEDD21400C1E487 /* JSONDecodable.swift */; };
		34D6BE181DEDEE7B00C1E487 /* Message.swift in Sources */ = {isa = PBXBuildFile; fileRef = 34D6BE171DEDEE7B00C1E487 /* Message.swift */; };
		34D6BE1A1DEE081E00C1E487 /* LoginPresenter.swift in Sources */ = {isa = PBXBuildFile; fileRef = 34D6BE191DEE081E00C1E487 /* LoginPresenter.swift */; };
		34FCCBD51DECF5740025CFAA /* LoginController.swift in Sources */ = {isa = PBXBuildFile; fileRef = 34FCCBD41DECF5740025CFAA /* LoginController.swift */; };
		34FCCBD81DECF7690025CFAA /* Color.swift in Sources */ = {isa = PBXBuildFile; fileRef = 34FCCBD71DECF7690025CFAA /* Color.swift */; };
/* End PBXBuildFile section */

/* Begin PBXContainerItemProxy section */
		34A191F91DE761D700EC26FB /* PBXContainerItemProxy */ = {
			isa = PBXContainerItemProxy;
			containerPortal = 34A191DC1DE761D700EC26FB /* Project object */;
			proxyType = 1;
			remoteGlobalIDString = 34A191E31DE761D700EC26FB;
			remoteInfo = Checkout;
		};
/* End PBXContainerItemProxy section */

/* Begin PBXFileReference section */
		34A191E41DE761D700EC26FB /* Checkout.app */ = {isa = PBXFileReference; explicitFileType = wrapper.application; includeInIndex = 0; path = Checkout.app; sourceTree = BUILT_PRODUCTS_DIR; };
		34A191E71DE761D700EC26FB /* AppDelegate.swift */ = {isa = PBXFileReference; lastKnownFileType = sourcecode.swift; path = AppDelegate.swift; sourceTree = "<group>"; };
		34A191EC1DE761D700EC26FB /* Base */ = {isa = PBXFileReference; lastKnownFileType = file.storyboard; name = Base; path = Base.lproj/Main.storyboard; sourceTree = "<group>"; };
		34A191EE1DE761D700EC26FB /* Assets.xcassets */ = {isa = PBXFileReference; lastKnownFileType = folder.assetcatalog; path = Assets.xcassets; sourceTree = "<group>"; };
		34A191F11DE761D700EC26FB /* Base */ = {isa = PBXFileReference; lastKnownFileType = file.storyboard; name = Base; path = Base.lproj/LaunchScreen.storyboard; sourceTree = "<group>"; };
		34A191F31DE761D700EC26FB /* Info.plist */ = {isa = PBXFileReference; lastKnownFileType = text.plist.xml; path = Info.plist; sourceTree = "<group>"; };
		34A191F81DE761D700EC26FB /* CheckoutTests.xctest */ = {isa = PBXFileReference; explicitFileType = wrapper.cfbundle; includeInIndex = 0; path = CheckoutTests.xctest; sourceTree = BUILT_PRODUCTS_DIR; };
		34A191FC1DE761D700EC26FB /* CheckoutTests.swift */ = {isa = PBXFileReference; lastKnownFileType = sourcecode.swift; path = CheckoutTests.swift; sourceTree = "<group>"; };
		34A191FE1DE761D700EC26FB /* Info.plist */ = {isa = PBXFileReference; lastKnownFileType = text.plist.xml; path = Info.plist; sourceTree = "<group>"; };
		34AAEE6E1DEF4AF000DD5026 /* LoginManageable.swift */ = {isa = PBXFileReference; fileEncoding = 4; lastKnownFileType = sourcecode.swift; path = LoginManageable.swift; sourceTree = "<group>"; };
		34D6BE061DED13AF00C1E487 /* View.swift */ = {isa = PBXFileReference; fileEncoding = 4; lastKnownFileType = sourcecode.swift; path = View.swift; sourceTree = "<group>"; };
		34D6BE091DEDB73500C1E487 /* LoginView.swift */ = {isa = PBXFileReference; fileEncoding = 4; lastKnownFileType = sourcecode.swift; path = LoginView.swift; sourceTree = "<group>"; };
		34D6BE0D1DEDCDCB00C1E487 /* LoginService.swift */ = {isa = PBXFileReference; fileEncoding = 4; lastKnownFileType = sourcecode.swift; path = LoginService.swift; sourceTree = "<group>"; };
		34D6BE101DEDCE5300C1E487 /* User.swift */ = {isa = PBXFileReference; fileEncoding = 4; lastKnownFileType = sourcecode.swift; path = User.swift; sourceTree = "<group>"; };
		34D6BE131DEDCF8200C1E487 /* Just.swift */ = {isa = PBXFileReference; fileEncoding = 4; lastKnownFileType = sourcecode.swift; path = Just.swift; sourceTree = "<group>"; };
		34D6BE151DEDD21400C1E487 /* JSONDecodable.swift */ = {isa = PBXFileReference; fileEncoding = 4; lastKnownFileType = sourcecode.swift; path = JSONDecodable.swift; sourceTree = "<group>"; };
		34D6BE171DEDEE7B00C1E487 /* Message.swift */ = {isa = PBXFileReference; fileEncoding = 4; lastKnownFileType = sourcecode.swift; path = Message.swift; sourceTree = "<group>"; };
		34D6BE191DEE081E00C1E487 /* LoginPresenter.swift */ = {isa = PBXFileReference; fileEncoding = 4; lastKnownFileType = sourcecode.swift; path = LoginPresenter.swift; sourceTree = "<group>"; };
		34FCCBD41DECF5740025CFAA /* LoginController.swift */ = {isa = PBXFileReference; fileEncoding = 4; lastKnownFileType = sourcecode.swift; path = LoginController.swift; sourceTree = "<group>"; };
		34FCCBD71DECF7690025CFAA /* Color.swift */ = {isa = PBXFileReference; fileEncoding = 4; lastKnownFileType = sourcecode.swift; path = Color.swift; sourceTree = "<group>"; };
/* End PBXFileReference section */

/* Begin PBXFrameworksBuildPhase section */
		34A191E11DE761D700EC26FB /* Frameworks */ = {
			isa = PBXFrameworksBuildPhase;
			buildActionMask = 2147483647;
			files = (
			);
			runOnlyForDeploymentPostprocessing = 0;
		};
		34A191F51DE761D700EC26FB /* Frameworks */ = {
			isa = PBXFrameworksBuildPhase;
			buildActionMask = 2147483647;
			files = (
			);
			runOnlyForDeploymentPostprocessing = 0;
		};
/* End PBXFrameworksBuildPhase section */

/* Begin PBXGroup section */
		34A191DB1DE761D700EC26FB = {
			isa = PBXGroup;
			children = (
				34A191E61DE761D700EC26FB /* Checkout */,
				34A191FB1DE761D700EC26FB /* CheckoutTests */,
				34A191E51DE761D700EC26FB /* Products */,
			);
			sourceTree = "<group>";
		};
		34A191E51DE761D700EC26FB /* Products */ = {
			isa = PBXGroup;
			children = (
				34A191E41DE761D700EC26FB /* Checkout.app */,
				34A191F81DE761D700EC26FB /* CheckoutTests.xctest */,
			);
			name = Products;
			sourceTree = "<group>";
		};
		34A191E61DE761D700EC26FB /* Checkout */ = {
			isa = PBXGroup;
			children = (
				34D6BE0F1DEDCE2800C1E487 /* Model */,
				34D6BE0C1DEDCDAB00C1E487 /* Service */,
				34A1920A1DE7626500EC26FB /* Model */,
				34A192091DE7625E00EC26FB /* Storyboard */,
				34A192081DE7625500EC26FB /* View */,
				34D6BE0B1DEDBAE300C1E487 /* Presenter */,
				34FCCBD61DECF6ED0025CFAA /* Util */,
				34A1920C1DE762AA00EC26FB /* Resources */,
				34AAEE701DEF4BE500DD5026 /* Snippets */,
				34D6BE121DEDCF4E00C1E487 /* Library */,
				34A192071DE7624700EC26FB /* Supporting Files */,
			);
			path = Checkout;
			sourceTree = "<group>";
		};
		34A191FB1DE761D700EC26FB /* CheckoutTests */ = {
			isa = PBXGroup;
			children = (
				34A191FC1DE761D700EC26FB /* CheckoutTests.swift */,
				34A191FE1DE761D700EC26FB /* Info.plist */,
			);
			path = CheckoutTests;
			sourceTree = "<group>";
		};
		34A192071DE7624700EC26FB /* Supporting Files */ = {
			isa = PBXGroup;
			children = (
				34A191E71DE761D700EC26FB /* AppDelegate.swift */,
				34A191F31DE761D700EC26FB /* Info.plist */,
			);
			name = "Supporting Files";
			sourceTree = "<group>";
		};
		34A192081DE7625500EC26FB /* View */ = {
			isa = PBXGroup;
			children = (
				34D6BE081DEDB71600C1E487 /* Login */,
			);
			name = View;
			sourceTree = "<group>";
		};
		34A192091DE7625E00EC26FB /* Storyboard */ = {
			isa = PBXGroup;
			children = (
				34A191EB1DE761D700EC26FB /* Main.storyboard */,
				34A191F01DE761D700EC26FB /* LaunchScreen.storyboard */,
			);
			name = Storyboard;
			sourceTree = "<group>";
		};
		34A1920A1DE7626500EC26FB /* Model */ = {
			isa = PBXGroup;
			children = (
			);
			name = Model;
			sourceTree = "<group>";
		};
		34A1920C1DE762AA00EC26FB /* Resources */ = {
			isa = PBXGroup;
			children = (
				34D6BE171DEDEE7B00C1E487 /* Message.swift */,
				34A191EE1DE761D700EC26FB /* Assets.xcassets */,
			);
			name = Resources;
			sourceTree = "<group>";
		};
		34AAEE701DEF4BE500DD5026 /* Snippets */ = {
			isa = PBXGroup;
			children = (
				34FCCBD71DECF7690025CFAA /* Color.swift */,
				34D6BE061DED13AF00C1E487 /* View.swift */,
			);
			name = Snippets;
			sourceTree = "<group>";
		};
		34D6BE081DEDB71600C1E487 /* Login */ = {
			isa = PBXGroup;
			children = (
				34FCCBD41DECF5740025CFAA /* LoginController.swift */,
				34D6BE091DEDB73500C1E487 /* LoginView.swift */,
			);
			name = Login;
			sourceTree = "<group>";
		};
		34D6BE0B1DEDBAE300C1E487 /* Presenter */ = {
			isa = PBXGroup;
			children = (
				34D6BE191DEE081E00C1E487 /* LoginPresenter.swift */,
			);
			name = Presenter;
			sourceTree = "<group>";
		};
		34D6BE0C1DEDCDAB00C1E487 /* Service */ = {
			isa = PBXGroup;
			children = (
				34D6BE0D1DEDCDCB00C1E487 /* LoginService.swift */,
			);
			name = Service;
			sourceTree = "<group>";
		};
		34D6BE0F1DEDCE2800C1E487 /* Model */ = {
			isa = PBXGroup;
			children = (
				34D6BE101DEDCE5300C1E487 /* User.swift */,
			);
			name = Model;
			sourceTree = "<group>";
		};
		34D6BE121DEDCF4E00C1E487 /* Library */ = {
			isa = PBXGroup;
			children = (
				34D6BE131DEDCF8200C1E487 /* Just.swift */,
			);
			name = Library;
			sourceTree = "<group>";
		};
		34FCCBD61DECF6ED0025CFAA /* Util */ = {
			isa = PBXGroup;
			children = (
				34D6BE151DEDD21400C1E487 /* JSONDecodable.swift */,
				34AAEE6E1DEF4AF000DD5026 /* LoginManageable.swift */,
			);
			name = Util;
			sourceTree = "<group>";
		};
/* End PBXGroup section */

/* Begin PBXNativeTarget section */
		34A191E31DE761D700EC26FB /* Checkout */ = {
			isa = PBXNativeTarget;
			buildConfigurationList = 34A192011DE761D700EC26FB /* Build configuration list for PBXNativeTarget "Checkout" */;
			buildPhases = (
				34A191E01DE761D700EC26FB /* Sources */,
				34A191E11DE761D700EC26FB /* Frameworks */,
				34A191E21DE761D700EC26FB /* Resources */,
			);
			buildRules = (
			);
			dependencies = (
			);
			name = Checkout;
			productName = Checkout;
			productReference = 34A191E41DE761D700EC26FB /* Checkout.app */;
			productType = "com.apple.product-type.application";
		};
		34A191F71DE761D700EC26FB /* CheckoutTests */ = {
			isa = PBXNativeTarget;
			buildConfigurationList = 34A192041DE761D700EC26FB /* Build configuration list for PBXNativeTarget "CheckoutTests" */;
			buildPhases = (
				34A191F41DE761D700EC26FB /* Sources */,
				34A191F51DE761D700EC26FB /* Frameworks */,
				34A191F61DE761D700EC26FB /* Resources */,
			);
			buildRules = (
			);
			dependencies = (
				34A191FA1DE761D700EC26FB /* PBXTargetDependency */,
			);
			name = CheckoutTests;
			productName = CheckoutTests;
			productReference = 34A191F81DE761D700EC26FB /* CheckoutTests.xctest */;
			productType = "com.apple.product-type.bundle.unit-test";
		};
/* End PBXNativeTarget section */

/* Begin PBXProject section */
		34A191DC1DE761D700EC26FB /* Project object */ = {
			isa = PBXProject;
			attributes = {
				LastSwiftUpdateCheck = 0820;
				LastUpgradeCheck = 0820;
				ORGANIZATIONNAME = CalebeEmerick;
				TargetAttributes = {
					34A191E31DE761D700EC26FB = {
						CreatedOnToolsVersion = 8.2;
						DevelopmentTeam = 578EBFNU9W;
						ProvisioningStyle = Automatic;
					};
					34A191F71DE761D700EC26FB = {
						CreatedOnToolsVersion = 8.2;
						DevelopmentTeam = 578EBFNU9W;
						ProvisioningStyle = Automatic;
						TestTargetID = 34A191E31DE761D700EC26FB;
					};
				};
			};
			buildConfigurationList = 34A191DF1DE761D700EC26FB /* Build configuration list for PBXProject "Checkout" */;
			compatibilityVersion = "Xcode 3.2";
			developmentRegion = English;
			hasScannedForEncodings = 0;
			knownRegions = (
				en,
				Base,
			);
			mainGroup = 34A191DB1DE761D700EC26FB;
			productRefGroup = 34A191E51DE761D700EC26FB /* Products */;
			projectDirPath = "";
			projectRoot = "";
			targets = (
				34A191E31DE761D700EC26FB /* Checkout */,
				34A191F71DE761D700EC26FB /* CheckoutTests */,
			);
		};
/* End PBXProject section */

/* Begin PBXResourcesBuildPhase section */
		34A191E21DE761D700EC26FB /* Resources */ = {
			isa = PBXResourcesBuildPhase;
			buildActionMask = 2147483647;
			files = (
				34A191F21DE761D700EC26FB /* LaunchScreen.storyboard in Resources */,
				34A191EF1DE761D700EC26FB /* Assets.xcassets in Resources */,
				34A191ED1DE761D700EC26FB /* Main.storyboard in Resources */,
			);
			runOnlyForDeploymentPostprocessing = 0;
		};
		34A191F61DE761D700EC26FB /* Resources */ = {
			isa = PBXResourcesBuildPhase;
			buildActionMask = 2147483647;
			files = (
			);
			runOnlyForDeploymentPostprocessing = 0;
		};
/* End PBXResourcesBuildPhase section */

/* Begin PBXSourcesBuildPhase section */
		34A191E01DE761D700EC26FB /* Sources */ = {
			isa = PBXSourcesBuildPhase;
			buildActionMask = 2147483647;
			files = (
				34D6BE161DEDD21400C1E487 /* JSONDecodable.swift in Sources */,
				34D6BE071DED13AF00C1E487 /* View.swift in Sources */,
				34D6BE0E1DEDCDCB00C1E487 /* LoginService.swift in Sources */,
				34FCCBD51DECF5740025CFAA /* LoginController.swift in Sources */,
				34D6BE1A1DEE081E00C1E487 /* LoginPresenter.swift in Sources */,
				34D6BE141DEDCF8200C1E487 /* Just.swift in Sources */,
				34A191E81DE761D700EC26FB /* AppDelegate.swift in Sources */,
				34D6BE0A1DEDB73500C1E487 /* LoginView.swift in Sources */,
				34AAEE6F1DEF4AF000DD5026 /* LoginManageable.swift in Sources */,
				34D6BE181DEDEE7B00C1E487 /* Message.swift in Sources */,
				34FCCBD81DECF7690025CFAA /* Color.swift in Sources */,
				34D6BE111DEDCE5300C1E487 /* User.swift in Sources */,
			);
			runOnlyForDeploymentPostprocessing = 0;
		};
		34A191F41DE761D700EC26FB /* Sources */ = {
			isa = PBXSourcesBuildPhase;
			buildActionMask = 2147483647;
			files = (
				34A191FD1DE761D700EC26FB /* CheckoutTests.swift in Sources */,
			);
			runOnlyForDeploymentPostprocessing = 0;
		};
/* End PBXSourcesBuildPhase section */

/* Begin PBXTargetDependency section */
		34A191FA1DE761D700EC26FB /* PBXTargetDependency */ = {
			isa = PBXTargetDependency;
			target = 34A191E31DE761D700EC26FB /* Checkout */;
			targetProxy = 34A191F91DE761D700EC26FB /* PBXContainerItemProxy */;
		};
/* End PBXTargetDependency section */

/* Begin PBXVariantGroup section */
		34A191EB1DE761D700EC26FB /* Main.storyboard */ = {
			isa = PBXVariantGroup;
			children = (
				34A191EC1DE761D700EC26FB /* Base */,
			);
			name = Main.storyboard;
			sourceTree = "<group>";
		};
		34A191F01DE761D700EC26FB /* LaunchScreen.storyboard */ = {
			isa = PBXVariantGroup;
			children = (
				34A191F11DE761D700EC26FB /* Base */,
			);
			name = LaunchScreen.storyboard;
			sourceTree = "<group>";
		};
/* End PBXVariantGroup section */

/* Begin XCBuildConfiguration section */
		34A191FF1DE761D700EC26FB /* Debug */ = {
			isa = XCBuildConfiguration;
			buildSettings = {
				ALWAYS_SEARCH_USER_PATHS = NO;
				CLANG_ANALYZER_NONNULL = YES;
				CLANG_CXX_LANGUAGE_STANDARD = "gnu++0x";
				CLANG_CXX_LIBRARY = "libc++";
				CLANG_ENABLE_MODULES = YES;
				CLANG_ENABLE_OBJC_ARC = YES;
				CLANG_WARN_BOOL_CONVERSION = YES;
				CLANG_WARN_CONSTANT_CONVERSION = YES;
				CLANG_WARN_DIRECT_OBJC_ISA_USAGE = YES_ERROR;
				CLANG_WARN_DOCUMENTATION_COMMENTS = YES;
				CLANG_WARN_EMPTY_BODY = YES;
				CLANG_WARN_ENUM_CONVERSION = YES;
				CLANG_WARN_INFINITE_RECURSION = YES;
				CLANG_WARN_INT_CONVERSION = YES;
				CLANG_WARN_OBJC_ROOT_CLASS = YES_ERROR;
				CLANG_WARN_SUSPICIOUS_MOVE = YES;
				CLANG_WARN_UNREACHABLE_CODE = YES;
				CLANG_WARN__DUPLICATE_METHOD_MATCH = YES;
				"CODE_SIGN_IDENTITY[sdk=iphoneos*]" = "iPhone Developer";
				COPY_PHASE_STRIP = NO;
				DEBUG_INFORMATION_FORMAT = dwarf;
				ENABLE_STRICT_OBJC_MSGSEND = YES;
				ENABLE_TESTABILITY = YES;
				GCC_C_LANGUAGE_STANDARD = gnu99;
				GCC_DYNAMIC_NO_PIC = NO;
				GCC_NO_COMMON_BLOCKS = YES;
				GCC_OPTIMIZATION_LEVEL = 0;
				GCC_PREPROCESSOR_DEFINITIONS = (
					"DEBUG=1",
					"$(inherited)",
				);
				GCC_WARN_64_TO_32_BIT_CONVERSION = YES;
				GCC_WARN_ABOUT_RETURN_TYPE = YES_ERROR;
				GCC_WARN_UNDECLARED_SELECTOR = YES;
				GCC_WARN_UNINITIALIZED_AUTOS = YES_AGGRESSIVE;
				GCC_WARN_UNUSED_FUNCTION = YES;
				GCC_WARN_UNUSED_VARIABLE = YES;
				IPHONEOS_DEPLOYMENT_TARGET = 9.0;
				MTL_ENABLE_DEBUG_INFO = YES;
				ONLY_ACTIVE_ARCH = YES;
				SDKROOT = iphoneos;
				SWIFT_ACTIVE_COMPILATION_CONDITIONS = DEBUG;
				SWIFT_OPTIMIZATION_LEVEL = "-Onone";
			};
			name = Debug;
		};
		34A192001DE761D700EC26FB /* Release */ = {
			isa = XCBuildConfiguration;
			buildSettings = {
				ALWAYS_SEARCH_USER_PATHS = NO;
				CLANG_ANALYZER_NONNULL = YES;
				CLANG_CXX_LANGUAGE_STANDARD = "gnu++0x";
				CLANG_CXX_LIBRARY = "libc++";
				CLANG_ENABLE_MODULES = YES;
				CLANG_ENABLE_OBJC_ARC = YES;
				CLANG_WARN_BOOL_CONVERSION = YES;
				CLANG_WARN_CONSTANT_CONVERSION = YES;
				CLANG_WARN_DIRECT_OBJC_ISA_USAGE = YES_ERROR;
				CLANG_WARN_DOCUMENTATION_COMMENTS = YES;
				CLANG_WARN_EMPTY_BODY = YES;
				CLANG_WARN_ENUM_CONVERSION = YES;
				CLANG_WARN_INFINITE_RECURSION = YES;
				CLANG_WARN_INT_CONVERSION = YES;
				CLANG_WARN_OBJC_ROOT_CLASS = YES_ERROR;
				CLANG_WARN_SUSPICIOUS_MOVE = YES;
				CLANG_WARN_UNREACHABLE_CODE = YES;
				CLANG_WARN__DUPLICATE_METHOD_MATCH = YES;
				"CODE_SIGN_IDENTITY[sdk=iphoneos*]" = "iPhone Developer";
				COPY_PHASE_STRIP = NO;
				DEBUG_INFORMATION_FORMAT = "dwarf-with-dsym";
				ENABLE_NS_ASSERTIONS = NO;
				ENABLE_STRICT_OBJC_MSGSEND = YES;
				GCC_C_LANGUAGE_STANDARD = gnu99;
				GCC_NO_COMMON_BLOCKS = YES;
				GCC_WARN_64_TO_32_BIT_CONVERSION = YES;
				GCC_WARN_ABOUT_RETURN_TYPE = YES_ERROR;
				GCC_WARN_UNDECLARED_SELECTOR = YES;
				GCC_WARN_UNINITIALIZED_AUTOS = YES_AGGRESSIVE;
				GCC_WARN_UNUSED_FUNCTION = YES;
				GCC_WARN_UNUSED_VARIABLE = YES;
				IPHONEOS_DEPLOYMENT_TARGET = 9.0;
				MTL_ENABLE_DEBUG_INFO = NO;
				SDKROOT = iphoneos;
				SWIFT_OPTIMIZATION_LEVEL = "-Owholemodule";
				VALIDATE_PRODUCT = YES;
			};
			name = Release;
		};
		34A192021DE761D700EC26FB /* Debug */ = {
			isa = XCBuildConfiguration;
			buildSettings = {
				ASSETCATALOG_COMPILER_APPICON_NAME = AppIcon;
				DEVELOPMENT_TEAM = 578EBFNU9W;
				INFOPLIST_FILE = Checkout/Info.plist;
				IPHONEOS_DEPLOYMENT_TARGET = 9.0;
				LD_RUNPATH_SEARCH_PATHS = "$(inherited) @executable_path/Frameworks";
				PRODUCT_BUNDLE_IDENTIFIER = com.calebeemerick.Checkout;
				PRODUCT_NAME = "$(TARGET_NAME)";
				SWIFT_VERSION = 3.0;
			};
			name = Debug;
		};
		34A192031DE761D700EC26FB /* Release */ = {
			isa = XCBuildConfiguration;
			buildSettings = {
				ASSETCATALOG_COMPILER_APPICON_NAME = AppIcon;
				DEVELOPMENT_TEAM = 578EBFNU9W;
				INFOPLIST_FILE = Checkout/Info.plist;
				IPHONEOS_DEPLOYMENT_TARGET = 9.0;
				LD_RUNPATH_SEARCH_PATHS = "$(inherited) @executable_path/Frameworks";
				PRODUCT_BUNDLE_IDENTIFIER = com.calebeemerick.Checkout;
				PRODUCT_NAME = "$(TARGET_NAME)";
				SWIFT_VERSION = 3.0;
			};
			name = Release;
		};
		34A192051DE761D700EC26FB /* Debug */ = {
			isa = XCBuildConfiguration;
			buildSettings = {
				ALWAYS_EMBED_SWIFT_STANDARD_LIBRARIES = YES;
				BUNDLE_LOADER = "$(TEST_HOST)";
				DEVELOPMENT_TEAM = 578EBFNU9W;
				INFOPLIST_FILE = CheckoutTests/Info.plist;
				LD_RUNPATH_SEARCH_PATHS = "$(inherited) @executable_path/Frameworks @loader_path/Frameworks";
				PRODUCT_BUNDLE_IDENTIFIER = com.calebeemerick.CheckoutTests;
				PRODUCT_NAME = "$(TARGET_NAME)";
				SWIFT_VERSION = 3.0;
				TEST_HOST = "$(BUILT_PRODUCTS_DIR)/Checkout.app/Checkout";
			};
			name = Debug;
		};
		34A192061DE761D700EC26FB /* Release */ = {
			isa = XCBuildConfiguration;
			buildSettings = {
				ALWAYS_EMBED_SWIFT_STANDARD_LIBRARIES = YES;
				BUNDLE_LOADER = "$(TEST_HOST)";
				DEVELOPMENT_TEAM = 578EBFNU9W;
				INFOPLIST_FILE = CheckoutTests/Info.plist;
				LD_RUNPATH_SEARCH_PATHS = "$(inherited) @executable_path/Frameworks @loader_path/Frameworks";
				PRODUCT_BUNDLE_IDENTIFIER = com.calebeemerick.CheckoutTests;
				PRODUCT_NAME = "$(TARGET_NAME)";
				SWIFT_VERSION = 3.0;
				TEST_HOST = "$(BUILT_PRODUCTS_DIR)/Checkout.app/Checkout";
			};
			name = Release;
		};
/* End XCBuildConfiguration section */

/* Begin XCConfigurationList section */
		34A191DF1DE761D700EC26FB /* Build configuration list for PBXProject "Checkout" */ = {
			isa = XCConfigurationList;
			buildConfigurations = (
				34A191FF1DE761D700EC26FB /* Debug */,
				34A192001DE761D700EC26FB /* Release */,
			);
			defaultConfigurationIsVisible = 0;
			defaultConfigurationName = Release;
		};
		34A192011DE761D700EC26FB /* Build configuration list for PBXNativeTarget "Checkout" */ = {
			isa = XCConfigurationList;
			buildConfigurations = (
				34A192021DE761D700EC26FB /* Debug */,
				34A192031DE761D700EC26FB /* Release */,
			);
			defaultConfigurationIsVisible = 0;
			defaultConfigurationName = Release;
		};
		34A192041DE761D700EC26FB /* Build configuration list for PBXNativeTarget "CheckoutTests" */ = {
			isa = XCConfigurationList;
			buildConfigurations = (
				34A192051DE761D700EC26FB /* Debug */,
				34A192061DE761D700EC26FB /* Release */,
			);
			defaultConfigurationIsVisible = 0;
			defaultConfigurationName = Release;
		};
/* End XCConfigurationList section */
	};
	rootObject = 34A191DC1DE761D700EC26FB /* Project object */;
}
