// !$*UTF8*$!
{
	archiveVersion = 1;
	classes = {
	};
	objectVersion = 46;
	objects = {

/* Begin PBXBuildFile section */
		347A68E61DF4FA3200FFF0A4 /* LoginLayout.swift in Sources */ = {isa = PBXBuildFile; fileRef = 347A68E51DF4FA3200FFF0A4 /* LoginLayout.swift */; };
		347A68E81DF6F9CD00FFF0A4 /* StoreLayout.swift in Sources */ = {isa = PBXBuildFile; fileRef = 347A68E71DF6F9CD00FFF0A4 /* StoreLayout.swift */; };
		347A68EB1DF712E600FFF0A4 /* StoreError.swift in Sources */ = {isa = PBXBuildFile; fileRef = 347A68EA1DF712E600FFF0A4 /* StoreError.swift */; };
		347A68ED1DF7130700FFF0A4 /* StoreError.xib in Resources */ = {isa = PBXBuildFile; fileRef = 347A68EC1DF7130700FFF0A4 /* StoreError.xib */; };
		347A68EF1DF73E8C00FFF0A4 /* ViewExtension.swift in Sources */ = {isa = PBXBuildFile; fileRef = 347A68EE1DF73E8C00FFF0A4 /* ViewExtension.swift */; };
		347A68F11DF74E9500FFF0A4 /* TransactionRouter.swift in Sources */ = {isa = PBXBuildFile; fileRef = 347A68F01DF74E9500FFF0A4 /* TransactionRouter.swift */; };
		347A68F41DF7573500FFF0A4 /* TransactionController.swift in Sources */ = {isa = PBXBuildFile; fileRef = 347A68F31DF7573500FFF0A4 /* TransactionController.swift */; };
		347A68F61DF75AB600FFF0A4 /* TransactionLayout.swift in Sources */ = {isa = PBXBuildFile; fileRef = 347A68F51DF75AB600FFF0A4 /* TransactionLayout.swift */; };
		347A68F91DF7610700FFF0A4 /* TransactionTextField.swift in Sources */ = {isa = PBXBuildFile; fileRef = 347A68F81DF7610700FFF0A4 /* TransactionTextField.swift */; };
		347A69191DF8881C00FFF0A4 /* NavigationBarStyleable.swift in Sources */ = {isa = PBXBuildFile; fileRef = 347A69181DF8881C00FFF0A4 /* NavigationBarStyleable.swift */; };
		34A191E81DE761D700EC26FB /* AppDelegate.swift in Sources */ = {isa = PBXBuildFile; fileRef = 34A191E71DE761D700EC26FB /* AppDelegate.swift */; };
		34A191ED1DE761D700EC26FB /* Main.storyboard in Resources */ = {isa = PBXBuildFile; fileRef = 34A191EB1DE761D700EC26FB /* Main.storyboard */; };
		34A191EF1DE761D700EC26FB /* Assets.xcassets in Resources */ = {isa = PBXBuildFile; fileRef = 34A191EE1DE761D700EC26FB /* Assets.xcassets */; };
		34A191F21DE761D700EC26FB /* LaunchScreen.storyboard in Resources */ = {isa = PBXBuildFile; fileRef = 34A191F01DE761D700EC26FB /* LaunchScreen.storyboard */; };
		34A191FD1DE761D700EC26FB /* CheckoutTests.swift in Sources */ = {isa = PBXBuildFile; fileRef = 34A191FC1DE761D700EC26FB /* CheckoutTests.swift */; };
		34AAEE6F1DEF4AF000DD5026 /* LoginManageable.swift in Sources */ = {isa = PBXBuildFile; fileRef = 34AAEE6E1DEF4AF000DD5026 /* LoginManageable.swift */; };
		34AAEE751DEF53DF00DD5026 /* StoresController.swift in Sources */ = {isa = PBXBuildFile; fileRef = 34AAEE741DEF53DF00DD5026 /* StoresController.swift */; };
		34AAEE771DEF547900DD5026 /* StoresView.swift in Sources */ = {isa = PBXBuildFile; fileRef = 34AAEE761DEF547900DD5026 /* StoresView.swift */; };
		34AAEE7B1DEF54EE00DD5026 /* StoreCell.swift in Sources */ = {isa = PBXBuildFile; fileRef = 34AAEE791DEF54EE00DD5026 /* StoreCell.swift */; };
		34AAEE7C1DEF54EE00DD5026 /* StoreCell.xib in Resources */ = {isa = PBXBuildFile; fileRef = 34AAEE7A1DEF54EE00DD5026 /* StoreCell.xib */; };
		34AAEE7E1DEF5C7900DD5026 /* Store.swift in Sources */ = {isa = PBXBuildFile; fileRef = 34AAEE7D1DEF5C7900DD5026 /* Store.swift */; };
		34AAEE801DEF5EC900DD5026 /* Image.swift in Sources */ = {isa = PBXBuildFile; fileRef = 34AAEE7F1DEF5EC900DD5026 /* Image.swift */; };
		34AAEE821DEF63B700DD5026 /* StoreDataSource.swift in Sources */ = {isa = PBXBuildFile; fileRef = 34AAEE811DEF63B700DD5026 /* StoreDataSource.swift */; };
		34AAEE841DEF63C200DD5026 /* StoreDelegate.swift in Sources */ = {isa = PBXBuildFile; fileRef = 34AAEE831DEF63C200DD5026 /* StoreDelegate.swift */; };
		34AAEE8A1DEF644300DD5026 /* CollectionViewReusable.swift in Sources */ = {isa = PBXBuildFile; fileRef = 34AAEE861DEF644300DD5026 /* CollectionViewReusable.swift */; };
		34AAEE8B1DEF644300DD5026 /* NibCreatable.swift in Sources */ = {isa = PBXBuildFile; fileRef = 34AAEE871DEF644300DD5026 /* NibCreatable.swift */; };
		34AAEE8C1DEF644300DD5026 /* Reusable.swift in Sources */ = {isa = PBXBuildFile; fileRef = 34AAEE881DEF644300DD5026 /* Reusable.swift */; };
		34AAEE8D1DEF644300DD5026 /* TableViewReusable.swift in Sources */ = {isa = PBXBuildFile; fileRef = 34AAEE891DEF644300DD5026 /* TableViewReusable.swift */; };
		34AAEE8F1DEF661500DD5026 /* StorePresenter.swift in Sources */ = {isa = PBXBuildFile; fileRef = 34AAEE8E1DEF661500DD5026 /* StorePresenter.swift */; };
		34D6BE071DED13AF00C1E487 /* View.swift in Sources */ = {isa = PBXBuildFile; fileRef = 34D6BE061DED13AF00C1E487 /* View.swift */; };
		34D6BE0A1DEDB73500C1E487 /* LoginView.swift in Sources */ = {isa = PBXBuildFile; fileRef = 34D6BE091DEDB73500C1E487 /* LoginView.swift */; };
		34D6BE0E1DEDCDCB00C1E487 /* LoginService.swift in Sources */ = {isa = PBXBuildFile; fileRef = 34D6BE0D1DEDCDCB00C1E487 /* LoginService.swift */; };
		34D6BE111DEDCE5300C1E487 /* User.swift in Sources */ = {isa = PBXBuildFile; fileRef = 34D6BE101DEDCE5300C1E487 /* User.swift */; };
		34D6BE141DEDCF8200C1E487 /* Just.swift in Sources */ = {isa = PBXBuildFile; fileRef = 34D6BE131DEDCF8200C1E487 /* Just.swift */; };
		34D6BE161DEDD21400C1E487 /* JSONDecodable.swift in Sources */ = {isa = PBXBuildFile; fileRef = 34D6BE151DEDD21400C1E487 /* JSONDecodable.swift */; };
		34D6BE181DEDEE7B00C1E487 /* Message.swift in Sources */ = {isa = PBXBuildFile; fileRef = 34D6BE171DEDEE7B00C1E487 /* Message.swift */; };
		34D6BE1A1DEE081E00C1E487 /* LoginPresenter.swift in Sources */ = {isa = PBXBuildFile; fileRef = 34D6BE191DEE081E00C1E487 /* LoginPresenter.swift */; };
		34FA95AE1DEF6A50007F9943 /* StoreService.swift in Sources */ = {isa = PBXBuildFile; fileRef = 34FA95AD1DEF6A50007F9943 /* StoreService.swift */; };
		34FA95B01DEF6A7C007F9943 /* Result.swift in Sources */ = {isa = PBXBuildFile; fileRef = 34FA95AF1DEF6A7C007F9943 /* Result.swift */; };
		34FA95B21DEF6E83007F9943 /* ServiceProtocol.swift in Sources */ = {isa = PBXBuildFile; fileRef = 34FA95B11DEF6E83007F9943 /* ServiceProtocol.swift */; };
		34FA95B51DEF72E7007F9943 /* Router.swift in Sources */ = {isa = PBXBuildFile; fileRef = 34FA95B41DEF72E7007F9943 /* Router.swift */; };
		34FA95B81DEF733E007F9943 /* Constants.swift in Sources */ = {isa = PBXBuildFile; fileRef = 34FA95B71DEF733E007F9943 /* Constants.swift */; };
		34FA95BA1DEF73FE007F9943 /* Storyboard.swift in Sources */ = {isa = PBXBuildFile; fileRef = 34FA95B91DEF73FE007F9943 /* Storyboard.swift */; };
		34FA95BC1DEF769F007F9943 /* ViewController.swift in Sources */ = {isa = PBXBuildFile; fileRef = 34FA95BB1DEF769F007F9943 /* ViewController.swift */; };
		34FA95BE1DEF7862007F9943 /* ControllerStack.swift in Sources */ = {isa = PBXBuildFile; fileRef = 34FA95BD1DEF7862007F9943 /* ControllerStack.swift */; };
		34FCCBD51DECF5740025CFAA /* LoginController.swift in Sources */ = {isa = PBXBuildFile; fileRef = 34FCCBD41DECF5740025CFAA /* LoginController.swift */; };
		34FCCBD81DECF7690025CFAA /* Color.swift in Sources */ = {isa = PBXBuildFile; fileRef = 34FCCBD71DECF7690025CFAA /* Color.swift */; };
/* End PBXBuildFile section */

/* Begin PBXContainerItemProxy section */
		34A191F91DE761D700EC26FB /* PBXContainerItemProxy */ = {
			isa = PBXContainerItemProxy;
			containerPortal = 34A191DC1DE761D700EC26FB /* Project object */;
			proxyType = 1;
			remoteGlobalIDString = 34A191E31DE761D700EC26FB;
			remoteInfo = Checkout;
		};
/* End PBXContainerItemProxy section */

/* Begin PBXFileReference section */
		347A68E51DF4FA3200FFF0A4 /* LoginLayout.swift */ = {isa = PBXFileReference; fileEncoding = 4; lastKnownFileType = sourcecode.swift; path = LoginLayout.swift; sourceTree = "<group>"; };
		347A68E71DF6F9CD00FFF0A4 /* StoreLayout.swift */ = {isa = PBXFileReference; fileEncoding = 4; lastKnownFileType = sourcecode.swift; path = StoreLayout.swift; sourceTree = "<group>"; };
		347A68EA1DF712E600FFF0A4 /* StoreError.swift */ = {isa = PBXFileReference; fileEncoding = 4; lastKnownFileType = sourcecode.swift; path = StoreError.swift; sourceTree = "<group>"; };
		347A68EC1DF7130700FFF0A4 /* StoreError.xib */ = {isa = PBXFileReference; fileEncoding = 4; lastKnownFileType = file.xib; path = StoreError.xib; sourceTree = "<group>"; };
		347A68EE1DF73E8C00FFF0A4 /* ViewExtension.swift */ = {isa = PBXFileReference; fileEncoding = 4; lastKnownFileType = sourcecode.swift; path = ViewExtension.swift; sourceTree = "<group>"; };
		347A68F01DF74E9500FFF0A4 /* TransactionRouter.swift */ = {isa = PBXFileReference; fileEncoding = 4; lastKnownFileType = sourcecode.swift; path = TransactionRouter.swift; sourceTree = "<group>"; };
		347A68F31DF7573500FFF0A4 /* TransactionController.swift */ = {isa = PBXFileReference; fileEncoding = 4; lastKnownFileType = sourcecode.swift; path = TransactionController.swift; sourceTree = "<group>"; };
		347A68F51DF75AB600FFF0A4 /* TransactionLayout.swift */ = {isa = PBXFileReference; fileEncoding = 4; lastKnownFileType = sourcecode.swift; path = TransactionLayout.swift; sourceTree = "<group>"; };
		347A68F81DF7610700FFF0A4 /* TransactionTextField.swift */ = {isa = PBXFileReference; fileEncoding = 4; lastKnownFileType = sourcecode.swift; path = TransactionTextField.swift; sourceTree = "<group>"; };
		347A69181DF8881C00FFF0A4 /* NavigationBarStyleable.swift */ = {isa = PBXFileReference; fileEncoding = 4; lastKnownFileType = sourcecode.swift; path = NavigationBarStyleable.swift; sourceTree = "<group>"; };
		34A191E41DE761D700EC26FB /* Checkout.app */ = {isa = PBXFileReference; explicitFileType = wrapper.application; includeInIndex = 0; path = Checkout.app; sourceTree = BUILT_PRODUCTS_DIR; };
		34A191E71DE761D700EC26FB /* AppDelegate.swift */ = {isa = PBXFileReference; lastKnownFileType = sourcecode.swift; path = AppDelegate.swift; sourceTree = "<group>"; };
		34A191EC1DE761D700EC26FB /* Base */ = {isa = PBXFileReference; lastKnownFileType = file.storyboard; name = Base; path = Base.lproj/Main.storyboard; sourceTree = "<group>"; };
		34A191EE1DE761D700EC26FB /* Assets.xcassets */ = {isa = PBXFileReference; lastKnownFileType = folder.assetcatalog; path = Assets.xcassets; sourceTree = "<group>"; };
		34A191F11DE761D700EC26FB /* Base */ = {isa = PBXFileReference; lastKnownFileType = file.storyboard; name = Base; path = Base.lproj/LaunchScreen.storyboard; sourceTree = "<group>"; };
		34A191F31DE761D700EC26FB /* Info.plist */ = {isa = PBXFileReference; lastKnownFileType = text.plist.xml; path = Info.plist; sourceTree = "<group>"; };
		34A191F81DE761D700EC26FB /* CheckoutTests.xctest */ = {isa = PBXFileReference; explicitFileType = wrapper.cfbundle; includeInIndex = 0; path = CheckoutTests.xctest; sourceTree = BUILT_PRODUCTS_DIR; };
		34A191FC1DE761D700EC26FB /* CheckoutTests.swift */ = {isa = PBXFileReference; lastKnownFileType = sourcecode.swift; path = CheckoutTests.swift; sourceTree = "<group>"; };
		34A191FE1DE761D700EC26FB /* Info.plist */ = {isa = PBXFileReference; lastKnownFileType = text.plist.xml; path = Info.plist; sourceTree = "<group>"; };
		34AAEE6E1DEF4AF000DD5026 /* LoginManageable.swift */ = {isa = PBXFileReference; fileEncoding = 4; lastKnownFileType = sourcecode.swift; path = LoginManageable.swift; sourceTree = "<group>"; };
		34AAEE741DEF53DF00DD5026 /* StoresController.swift */ = {isa = PBXFileReference; fileEncoding = 4; lastKnownFileType = sourcecode.swift; path = StoresController.swift; sourceTree = "<group>"; };
		34AAEE761DEF547900DD5026 /* StoresView.swift */ = {isa = PBXFileReference; fileEncoding = 4; lastKnownFileType = sourcecode.swift; path = StoresView.swift; sourceTree = "<group>"; };
		34AAEE791DEF54EE00DD5026 /* StoreCell.swift */ = {isa = PBXFileReference; fileEncoding = 4; lastKnownFileType = sourcecode.swift; path = StoreCell.swift; sourceTree = "<group>"; };
		34AAEE7A1DEF54EE00DD5026 /* StoreCell.xib */ = {isa = PBXFileReference; fileEncoding = 4; lastKnownFileType = file.xib; path = StoreCell.xib; sourceTree = "<group>"; };
		34AAEE7D1DEF5C7900DD5026 /* Store.swift */ = {isa = PBXFileReference; fileEncoding = 4; lastKnownFileType = sourcecode.swift; path = Store.swift; sourceTree = "<group>"; };
		34AAEE7F1DEF5EC900DD5026 /* Image.swift */ = {isa = PBXFileReference; fileEncoding = 4; lastKnownFileType = sourcecode.swift; path = Image.swift; sourceTree = "<group>"; };
		34AAEE811DEF63B700DD5026 /* StoreDataSource.swift */ = {isa = PBXFileReference; fileEncoding = 4; lastKnownFileType = sourcecode.swift; path = StoreDataSource.swift; sourceTree = "<group>"; };
		34AAEE831DEF63C200DD5026 /* StoreDelegate.swift */ = {isa = PBXFileReference; fileEncoding = 4; lastKnownFileType = sourcecode.swift; path = StoreDelegate.swift; sourceTree = "<group>"; };
		34AAEE861DEF644300DD5026 /* CollectionViewReusable.swift */ = {isa = PBXFileReference; fileEncoding = 4; lastKnownFileType = sourcecode.swift; path = CollectionViewReusable.swift; sourceTree = "<group>"; };
		34AAEE871DEF644300DD5026 /* NibCreatable.swift */ = {isa = PBXFileReference; fileEncoding = 4; lastKnownFileType = sourcecode.swift; path = NibCreatable.swift; sourceTree = "<group>"; };
		34AAEE881DEF644300DD5026 /* Reusable.swift */ = {isa = PBXFileReference; fileEncoding = 4; lastKnownFileType = sourcecode.swift; path = Reusable.swift; sourceTree = "<group>"; };
		34AAEE891DEF644300DD5026 /* TableViewReusable.swift */ = {isa = PBXFileReference; fileEncoding = 4; lastKnownFileType = sourcecode.swift; path = TableViewReusable.swift; sourceTree = "<group>"; };
		34AAEE8E1DEF661500DD5026 /* StorePresenter.swift */ = {isa = PBXFileReference; fileEncoding = 4; lastKnownFileType = sourcecode.swift; path = StorePresenter.swift; sourceTree = "<group>"; };
		34D6BE061DED13AF00C1E487 /* View.swift */ = {isa = PBXFileReference; fileEncoding = 4; lastKnownFileType = sourcecode.swift; path = View.swift; sourceTree = "<group>"; };
		34D6BE091DEDB73500C1E487 /* LoginView.swift */ = {isa = PBXFileReference; fileEncoding = 4; lastKnownFileType = sourcecode.swift; path = LoginView.swift; sourceTree = "<group>"; };
		34D6BE0D1DEDCDCB00C1E487 /* LoginService.swift */ = {isa = PBXFileReference; fileEncoding = 4; lastKnownFileType = sourcecode.swift; path = LoginService.swift; sourceTree = "<group>"; };
		34D6BE101DEDCE5300C1E487 /* User.swift */ = {isa = PBXFileReference; fileEncoding = 4; lastKnownFileType = sourcecode.swift; path = User.swift; sourceTree = "<group>"; };
		34D6BE131DEDCF8200C1E487 /* Just.swift */ = {isa = PBXFileReference; fileEncoding = 4; lastKnownFileType = sourcecode.swift; path = Just.swift; sourceTree = "<group>"; };
		34D6BE151DEDD21400C1E487 /* JSONDecodable.swift */ = {isa = PBXFileReference; fileEncoding = 4; lastKnownFileType = sourcecode.swift; path = JSONDecodable.swift; sourceTree = "<group>"; };
		34D6BE171DEDEE7B00C1E487 /* Message.swift */ = {isa = PBXFileReference; fileEncoding = 4; lastKnownFileType = sourcecode.swift; path = Message.swift; sourceTree = "<group>"; };
		34D6BE191DEE081E00C1E487 /* LoginPresenter.swift */ = {isa = PBXFileReference; fileEncoding = 4; lastKnownFileType = sourcecode.swift; path = LoginPresenter.swift; sourceTree = "<group>"; };
		34FA95AD1DEF6A50007F9943 /* StoreService.swift */ = {isa = PBXFileReference; fileEncoding = 4; lastKnownFileType = sourcecode.swift; path = StoreService.swift; sourceTree = "<group>"; };
		34FA95AF1DEF6A7C007F9943 /* Result.swift */ = {isa = PBXFileReference; fileEncoding = 4; lastKnownFileType = sourcecode.swift; path = Result.swift; sourceTree = "<group>"; };
		34FA95B11DEF6E83007F9943 /* ServiceProtocol.swift */ = {isa = PBXFileReference; fileEncoding = 4; lastKnownFileType = sourcecode.swift; path = ServiceProtocol.swift; sourceTree = "<group>"; };
		34FA95B41DEF72E7007F9943 /* Router.swift */ = {isa = PBXFileReference; fileEncoding = 4; lastKnownFileType = sourcecode.swift; path = Router.swift; sourceTree = "<group>"; };
		34FA95B71DEF733E007F9943 /* Constants.swift */ = {isa = PBXFileReference; fileEncoding = 4; lastKnownFileType = sourcecode.swift; path = Constants.swift; sourceTree = "<group>"; };
		34FA95B91DEF73FE007F9943 /* Storyboard.swift */ = {isa = PBXFileReference; fileEncoding = 4; lastKnownFileType = sourcecode.swift; path = Storyboard.swift; sourceTree = "<group>"; };
		34FA95BB1DEF769F007F9943 /* ViewController.swift */ = {isa = PBXFileReference; fileEncoding = 4; lastKnownFileType = sourcecode.swift; path = ViewController.swift; sourceTree = "<group>"; };
		34FA95BD1DEF7862007F9943 /* ControllerStack.swift */ = {isa = PBXFileReference; fileEncoding = 4; lastKnownFileType = sourcecode.swift; path = ControllerStack.swift; sourceTree = "<group>"; };
		34FCCBD41DECF5740025CFAA /* LoginController.swift */ = {isa = PBXFileReference; fileEncoding = 4; lastKnownFileType = sourcecode.swift; path = LoginController.swift; sourceTree = "<group>"; };
		34FCCBD71DECF7690025CFAA /* Color.swift */ = {isa = PBXFileReference; fileEncoding = 4; lastKnownFileType = sourcecode.swift; path = Color.swift; sourceTree = "<group>"; };
/* End PBXFileReference section */

/* Begin PBXFrameworksBuildPhase section */
		34A191E11DE761D700EC26FB /* Frameworks */ = {
			isa = PBXFrameworksBuildPhase;
			buildActionMask = 2147483647;
			files = (
			);
			runOnlyForDeploymentPostprocessing = 0;
		};
		34A191F51DE761D700EC26FB /* Frameworks */ = {
			isa = PBXFrameworksBuildPhase;
			buildActionMask = 2147483647;
			files = (
			);
			runOnlyForDeploymentPostprocessing = 0;
		};
/* End PBXFrameworksBuildPhase section */

/* Begin PBXGroup section */
		347A68E41DF4F95400FFF0A4 /* Layout */ = {
			isa = PBXGroup;
			children = (
				347A68E51DF4FA3200FFF0A4 /* LoginLayout.swift */,
				347A68E71DF6F9CD00FFF0A4 /* StoreLayout.swift */,
				347A68F71DF760ED00FFF0A4 /* Transaction */,
			);
			name = Layout;
			sourceTree = "<group>";
		};
		347A68E91DF712AC00FFF0A4 /* StoreError */ = {
			isa = PBXGroup;
			children = (
				347A68EC1DF7130700FFF0A4 /* StoreError.xib */,
				347A68EA1DF712E600FFF0A4 /* StoreError.swift */,
			);
			name = StoreError;
			sourceTree = "<group>";
		};
		347A68F21DF7538400FFF0A4 /* Transaction */ = {
			isa = PBXGroup;
			children = (
				347A68F31DF7573500FFF0A4 /* TransactionController.swift */,
			);
			name = Transaction;
			sourceTree = "<group>";
		};
		347A68F71DF760ED00FFF0A4 /* Transaction */ = {
			isa = PBXGroup;
			children = (
				347A68F51DF75AB600FFF0A4 /* TransactionLayout.swift */,
				347A68F81DF7610700FFF0A4 /* TransactionTextField.swift */,
			);
			name = Transaction;
			sourceTree = "<group>";
		};
		34A191DB1DE761D700EC26FB = {
			isa = PBXGroup;
			children = (
				34A191E61DE761D700EC26FB /* Checkout */,
				34A191FB1DE761D700EC26FB /* CheckoutTests */,
				34A191E51DE761D700EC26FB /* Products */,
			);
			sourceTree = "<group>";
		};
		34A191E51DE761D700EC26FB /* Products */ = {
			isa = PBXGroup;
			children = (
				34A191E41DE761D700EC26FB /* Checkout.app */,
				34A191F81DE761D700EC26FB /* CheckoutTests.xctest */,
			);
			name = Products;
			sourceTree = "<group>";
		};
		34A191E61DE761D700EC26FB /* Checkout */ = {
			isa = PBXGroup;
			children = (
				34D6BE0F1DEDCE2800C1E487 /* Model */,
				34D6BE0C1DEDCDAB00C1E487 /* Service */,
				34A1920A1DE7626500EC26FB /* Model */,
				34A192091DE7625E00EC26FB /* Storyboard */,
				34A192081DE7625500EC26FB /* View */,
				34D6BE0B1DEDBAE300C1E487 /* Presenter */,
				347A68E41DF4F95400FFF0A4 /* Layout */,
				34FA95B31DEF72D7007F9943 /* Router */,
				34FCCBD61DECF6ED0025CFAA /* Util */,
				34AAEE701DEF4BE500DD5026 /* Snippets */,
				34D6BE121DEDCF4E00C1E487 /* Library */,
				34A1920C1DE762AA00EC26FB /* Resources */,
				34A192071DE7624700EC26FB /* Supporting Files */,
			);
			path = Checkout;
			sourceTree = "<group>";
		};
		34A191FB1DE761D700EC26FB /* CheckoutTests */ = {
			isa = PBXGroup;
			children = (
				34A191FC1DE761D700EC26FB /* CheckoutTests.swift */,
				34A191FE1DE761D700EC26FB /* Info.plist */,
			);
			path = CheckoutTests;
			sourceTree = "<group>";
		};
		34A192071DE7624700EC26FB /* Supporting Files */ = {
			isa = PBXGroup;
			children = (
				34A191E71DE761D700EC26FB /* AppDelegate.swift */,
				34A191F31DE761D700EC26FB /* Info.plist */,
			);
			name = "Supporting Files";
			sourceTree = "<group>";
		};
		34A192081DE7625500EC26FB /* View */ = {
			isa = PBXGroup;
			children = (
				34D6BE081DEDB71600C1E487 /* Login */,
				34AAEE731DEF53BF00DD5026 /* Stores */,
				347A68F21DF7538400FFF0A4 /* Transaction */,
			);
			name = View;
			sourceTree = "<group>";
		};
		34A192091DE7625E00EC26FB /* Storyboard */ = {
			isa = PBXGroup;
			children = (
				34A191EB1DE761D700EC26FB /* Main.storyboard */,
				34A191F01DE761D700EC26FB /* LaunchScreen.storyboard */,
			);
			name = Storyboard;
			sourceTree = "<group>";
		};
		34A1920A1DE7626500EC26FB /* Model */ = {
			isa = PBXGroup;
			children = (
			);
			name = Model;
			sourceTree = "<group>";
		};
		34A1920C1DE762AA00EC26FB /* Resources */ = {
			isa = PBXGroup;
			children = (
				34D6BE171DEDEE7B00C1E487 /* Message.swift */,
				34AAEE7F1DEF5EC900DD5026 /* Image.swift */,
				34A191EE1DE761D700EC26FB /* Assets.xcassets */,
			);
			name = Resources;
			sourceTree = "<group>";
		};
		34AAEE701DEF4BE500DD5026 /* Snippets */ = {
			isa = PBXGroup;
			children = (
				34FCCBD71DECF7690025CFAA /* Color.swift */,
				34D6BE061DED13AF00C1E487 /* View.swift */,
				34FA95BB1DEF769F007F9943 /* ViewController.swift */,
				347A68EE1DF73E8C00FFF0A4 /* ViewExtension.swift */,
				347A69181DF8881C00FFF0A4 /* NavigationBarStyleable.swift */,
			);
			name = Snippets;
			sourceTree = "<group>";
		};
		34AAEE731DEF53BF00DD5026 /* Stores */ = {
			isa = PBXGroup;
			children = (
				34AAEE741DEF53DF00DD5026 /* StoresController.swift */,
				34AAEE761DEF547900DD5026 /* StoresView.swift */,
				34AAEE781DEF54CB00DD5026 /* CollectionView */,
				347A68E91DF712AC00FFF0A4 /* StoreError */,
			);
			name = Stores;
			sourceTree = "<group>";
		};
		34AAEE781DEF54CB00DD5026 /* CollectionView */ = {
			isa = PBXGroup;
			children = (
				34AAEE811DEF63B700DD5026 /* StoreDataSource.swift */,
				34AAEE831DEF63C200DD5026 /* StoreDelegate.swift */,
				34AAEE7A1DEF54EE00DD5026 /* StoreCell.xib */,
				34AAEE791DEF54EE00DD5026 /* StoreCell.swift */,
			);
			name = CollectionView;
			sourceTree = "<group>";
		};
		34AAEE851DEF643400DD5026 /* Reusable */ = {
			isa = PBXGroup;
			children = (
				34AAEE871DEF644300DD5026 /* NibCreatable.swift */,
				34AAEE881DEF644300DD5026 /* Reusable.swift */,
				34AAEE891DEF644300DD5026 /* TableViewReusable.swift */,
				34AAEE861DEF644300DD5026 /* CollectionViewReusable.swift */,
			);
			name = Reusable;
			sourceTree = "<group>";
		};
		34D6BE081DEDB71600C1E487 /* Login */ = {
			isa = PBXGroup;
			children = (
				34FCCBD41DECF5740025CFAA /* LoginController.swift */,
				34D6BE091DEDB73500C1E487 /* LoginView.swift */,
			);
			name = Login;
			sourceTree = "<group>";
		};
		34D6BE0B1DEDBAE300C1E487 /* Presenter */ = {
			isa = PBXGroup;
			children = (
				34D6BE191DEE081E00C1E487 /* LoginPresenter.swift */,
				34AAEE8E1DEF661500DD5026 /* StorePresenter.swift */,
			);
			name = Presenter;
			sourceTree = "<group>";
		};
		34D6BE0C1DEDCDAB00C1E487 /* Service */ = {
			isa = PBXGroup;
			children = (
				34D6BE0D1DEDCDCB00C1E487 /* LoginService.swift */,
				34FA95AD1DEF6A50007F9943 /* StoreService.swift */,
			);
			name = Service;
			sourceTree = "<group>";
		};
		34D6BE0F1DEDCE2800C1E487 /* Model */ = {
			isa = PBXGroup;
			children = (
				34D6BE101DEDCE5300C1E487 /* User.swift */,
				34AAEE7D1DEF5C7900DD5026 /* Store.swift */,
			);
			name = Model;
			sourceTree = "<group>";
		};
		34D6BE121DEDCF4E00C1E487 /* Library */ = {
			isa = PBXGroup;
			children = (
				34D6BE131DEDCF8200C1E487 /* Just.swift */,
				34AAEE851DEF643400DD5026 /* Reusable */,
			);
			name = Library;
			sourceTree = "<group>";
		};
		34FA95B31DEF72D7007F9943 /* Router */ = {
			isa = PBXGroup;
			children = (
				34FA95B41DEF72E7007F9943 /* Router.swift */,
				347A68F01DF74E9500FFF0A4 /* TransactionRouter.swift */,
			);
			name = Router;
			sourceTree = "<group>";
		};
		34FCCBD61DECF6ED0025CFAA /* Util */ = {
			isa = PBXGroup;
			children = (
				34FA95AF1DEF6A7C007F9943 /* Result.swift */,
				34FA95BD1DEF7862007F9943 /* ControllerStack.swift */,
				34D6BE151DEDD21400C1E487 /* JSONDecodable.swift */,
				34FA95B11DEF6E83007F9943 /* ServiceProtocol.swift */,
				34FA95B71DEF733E007F9943 /* Constants.swift */,
				34FA95B91DEF73FE007F9943 /* Storyboard.swift */,
				34AAEE6E1DEF4AF000DD5026 /* LoginManageable.swift */,
			);
			name = Util;
			sourceTree = "<group>";
		};
/* End PBXGroup section */

/* Begin PBXNativeTarget section */
		34A191E31DE761D700EC26FB /* Checkout */ = {
			isa = PBXNativeTarget;
			buildConfigurationList = 34A192011DE761D700EC26FB /* Build configuration list for PBXNativeTarget "Checkout" */;
			buildPhases = (
				34A191E01DE761D700EC26FB /* Sources */,
				34A191E11DE761D700EC26FB /* Frameworks */,
				34A191E21DE761D700EC26FB /* Resources */,
			);
			buildRules = (
			);
			dependencies = (
			);
			name = Checkout;
			productName = Checkout;
			productReference = 34A191E41DE761D700EC26FB /* Checkout.app */;
			productType = "com.apple.product-type.application";
		};
		34A191F71DE761D700EC26FB /* CheckoutTests */ = {
			isa = PBXNativeTarget;
			buildConfigurationList = 34A192041DE761D700EC26FB /* Build configuration list for PBXNativeTarget "CheckoutTests" */;
			buildPhases = (
				34A191F41DE761D700EC26FB /* Sources */,
				34A191F51DE761D700EC26FB /* Frameworks */,
				34A191F61DE761D700EC26FB /* Resources */,
			);
			buildRules = (
			);
			dependencies = (
				34A191FA1DE761D700EC26FB /* PBXTargetDependency */,
			);
			name = CheckoutTests;
			productName = CheckoutTests;
			productReference = 34A191F81DE761D700EC26FB /* CheckoutTests.xctest */;
			productType = "com.apple.product-type.bundle.unit-test";
		};
/* End PBXNativeTarget section */

/* Begin PBXProject section */
		34A191DC1DE761D700EC26FB /* Project object */ = {
			isa = PBXProject;
			attributes = {
				LastSwiftUpdateCheck = 0820;
				LastUpgradeCheck = 0820;
				ORGANIZATIONNAME = CalebeEmerick;
				TargetAttributes = {
					34A191E31DE761D700EC26FB = {
						CreatedOnToolsVersion = 8.2;
						DevelopmentTeam = 578EBFNU9W;
						ProvisioningStyle = Automatic;
					};
					34A191F71DE761D700EC26FB = {
						CreatedOnToolsVersion = 8.2;
						DevelopmentTeam = 578EBFNU9W;
						ProvisioningStyle = Automatic;
						TestTargetID = 34A191E31DE761D700EC26FB;
					};
				};
			};
			buildConfigurationList = 34A191DF1DE761D700EC26FB /* Build configuration list for PBXProject "Checkout" */;
			compatibilityVersion = "Xcode 3.2";
			developmentRegion = English;
			hasScannedForEncodings = 0;
			knownRegions = (
				en,
				Base,
			);
			mainGroup = 34A191DB1DE761D700EC26FB;
			productRefGroup = 34A191E51DE761D700EC26FB /* Products */;
			projectDirPath = "";
			projectRoot = "";
			targets = (
				34A191E31DE761D700EC26FB /* Checkout */,
				34A191F71DE761D700EC26FB /* CheckoutTests */,
			);
		};
/* End PBXProject section */

/* Begin PBXResourcesBuildPhase section */
		34A191E21DE761D700EC26FB /* Resources */ = {
			isa = PBXResourcesBuildPhase;
			buildActionMask = 2147483647;
			files = (
				347A68ED1DF7130700FFF0A4 /* StoreError.xib in Resources */,
				34A191F21DE761D700EC26FB /* LaunchScreen.storyboard in Resources */,
				34A191EF1DE761D700EC26FB /* Assets.xcassets in Resources */,
				34A191ED1DE761D700EC26FB /* Main.storyboard in Resources */,
				34AAEE7C1DEF54EE00DD5026 /* StoreCell.xib in Resources */,
			);
			runOnlyForDeploymentPostprocessing = 0;
		};
		34A191F61DE761D700EC26FB /* Resources */ = {
			isa = PBXResourcesBuildPhase;
			buildActionMask = 2147483647;
			files = (
			);
			runOnlyForDeploymentPostprocessing = 0;
		};
/* End PBXResourcesBuildPhase section */

/* Begin PBXSourcesBuildPhase section */
		34A191E01DE761D700EC26FB /* Sources */ = {
			isa = PBXSourcesBuildPhase;
			buildActionMask = 2147483647;
			files = (
				347A68E61DF4FA3200FFF0A4 /* LoginLayout.swift in Sources */,
				347A69191DF8881C00FFF0A4 /* NavigationBarStyleable.swift in Sources */,
				34D6BE161DEDD21400C1E487 /* JSONDecodable.swift in Sources */,
				34D6BE071DED13AF00C1E487 /* View.swift in Sources */,
				347A68E81DF6F9CD00FFF0A4 /* StoreLayout.swift in Sources */,
				34D6BE0E1DEDCDCB00C1E487 /* LoginService.swift in Sources */,
				34AAEE801DEF5EC900DD5026 /* Image.swift in Sources */,
				34FA95AE1DEF6A50007F9943 /* StoreService.swift in Sources */,
				34FA95B81DEF733E007F9943 /* Constants.swift in Sources */,
				34AAEE7E1DEF5C7900DD5026 /* Store.swift in Sources */,
				34FCCBD51DECF5740025CFAA /* LoginController.swift in Sources */,
				347A68F11DF74E9500FFF0A4 /* TransactionRouter.swift in Sources */,
				34D6BE1A1DEE081E00C1E487 /* LoginPresenter.swift in Sources */,
				34FA95BC1DEF769F007F9943 /* ViewController.swift in Sources */,
				34FA95BE1DEF7862007F9943 /* ControllerStack.swift in Sources */,
				34D6BE141DEDCF8200C1E487 /* Just.swift in Sources */,
				34AAEE821DEF63B700DD5026 /* StoreDataSource.swift in Sources */,
				34AAEE751DEF53DF00DD5026 /* StoresController.swift in Sources */,
				347A68EB1DF712E600FFF0A4 /* StoreError.swift in Sources */,
				34A191E81DE761D700EC26FB /* AppDelegate.swift in Sources */,
				347A68EF1DF73E8C00FFF0A4 /* ViewExtension.swift in Sources */,
				34AAEE841DEF63C200DD5026 /* StoreDelegate.swift in Sources */,
				34AAEE8D1DEF644300DD5026 /* TableViewReusable.swift in Sources */,
				34FA95B01DEF6A7C007F9943 /* Result.swift in Sources */,
				34FA95BA1DEF73FE007F9943 /* Storyboard.swift in Sources */,
				34FA95B21DEF6E83007F9943 /* ServiceProtocol.swift in Sources */,
				34AAEE8C1DEF644300DD5026 /* Reusable.swift in Sources */,
				34AAEE771DEF547900DD5026 /* StoresView.swift in Sources */,
				34D6BE0A1DEDB73500C1E487 /* LoginView.swift in Sources */,
				34AAEE6F1DEF4AF000DD5026 /* LoginManageable.swift in Sources */,
				34AAEE7B1DEF54EE00DD5026 /* StoreCell.swift in Sources */,
				347A68F61DF75AB600FFF0A4 /* TransactionLayout.swift in Sources */,
				34D6BE181DEDEE7B00C1E487 /* Message.swift in Sources */,
				34AAEE8B1DEF644300DD5026 /* NibCreatable.swift in Sources */,
				347A68F41DF7573500FFF0A4 /* TransactionController.swift in Sources */,
				34AAEE8F1DEF661500DD5026 /* StorePresenter.swift in Sources */,
				34FA95B51DEF72E7007F9943 /* Router.swift in Sources */,
				347A68F91DF7610700FFF0A4 /* TransactionTextField.swift in Sources */,
				34AAEE8A1DEF644300DD5026 /* CollectionViewReusable.swift in Sources */,
				34FCCBD81DECF7690025CFAA /* Color.swift in Sources */,
				34D6BE111DEDCE5300C1E487 /* User.swift in Sources */,
			);
			runOnlyForDeploymentPostprocessing = 0;
		};
		34A191F41DE761D700EC26FB /* Sources */ = {
			isa = PBXSourcesBuildPhase;
			buildActionMask = 2147483647;
			files = (
				34A191FD1DE761D700EC26FB /* CheckoutTests.swift in Sources */,
			);
			runOnlyForDeploymentPostprocessing = 0;
		};
/* End PBXSourcesBuildPhase section */

/* Begin PBXTargetDependency section */
		34A191FA1DE761D700EC26FB /* PBXTargetDependency */ = {
			isa = PBXTargetDependency;
			target = 34A191E31DE761D700EC26FB /* Checkout */;
			targetProxy = 34A191F91DE761D700EC26FB /* PBXContainerItemProxy */;
		};
/* End PBXTargetDependency section */

/* Begin PBXVariantGroup section */
		34A191EB1DE761D700EC26FB /* Main.storyboard */ = {
			isa = PBXVariantGroup;
			children = (
				34A191EC1DE761D700EC26FB /* Base */,
			);
			name = Main.storyboard;
			sourceTree = "<group>";
		};
		34A191F01DE761D700EC26FB /* LaunchScreen.storyboard */ = {
			isa = PBXVariantGroup;
			children = (
				34A191F11DE761D700EC26FB /* Base */,
			);
			name = LaunchScreen.storyboard;
			sourceTree = "<group>";
		};
/* End PBXVariantGroup section */

/* Begin XCBuildConfiguration section */
		34A191FF1DE761D700EC26FB /* Debug */ = {
			isa = XCBuildConfiguration;
			buildSettings = {
				ALWAYS_SEARCH_USER_PATHS = NO;
				CLANG_ANALYZER_NONNULL = YES;
				CLANG_CXX_LANGUAGE_STANDARD = "gnu++0x";
				CLANG_CXX_LIBRARY = "libc++";
				CLANG_ENABLE_MODULES = YES;
				CLANG_ENABLE_OBJC_ARC = YES;
				CLANG_WARN_BOOL_CONVERSION = YES;
				CLANG_WARN_CONSTANT_CONVERSION = YES;
				CLANG_WARN_DIRECT_OBJC_ISA_USAGE = YES_ERROR;
				CLANG_WARN_DOCUMENTATION_COMMENTS = YES;
				CLANG_WARN_EMPTY_BODY = YES;
				CLANG_WARN_ENUM_CONVERSION = YES;
				CLANG_WARN_INFINITE_RECURSION = YES;
				CLANG_WARN_INT_CONVERSION = YES;
				CLANG_WARN_OBJC_ROOT_CLASS = YES_ERROR;
				CLANG_WARN_SUSPICIOUS_MOVE = YES;
				CLANG_WARN_UNREACHABLE_CODE = YES;
				CLANG_WARN__DUPLICATE_METHOD_MATCH = YES;
				"CODE_SIGN_IDENTITY[sdk=iphoneos*]" = "iPhone Developer";
				COPY_PHASE_STRIP = NO;
				DEBUG_INFORMATION_FORMAT = dwarf;
				ENABLE_STRICT_OBJC_MSGSEND = YES;
				ENABLE_TESTABILITY = YES;
				GCC_C_LANGUAGE_STANDARD = gnu99;
				GCC_DYNAMIC_NO_PIC = NO;
				GCC_NO_COMMON_BLOCKS = YES;
				GCC_OPTIMIZATION_LEVEL = 0;
				GCC_PREPROCESSOR_DEFINITIONS = (
					"DEBUG=1",
					"$(inherited)",
				);
				GCC_WARN_64_TO_32_BIT_CONVERSION = YES;
				GCC_WARN_ABOUT_RETURN_TYPE = YES_ERROR;
				GCC_WARN_UNDECLARED_SELECTOR = YES;
				GCC_WARN_UNINITIALIZED_AUTOS = YES_AGGRESSIVE;
				GCC_WARN_UNUSED_FUNCTION = YES;
				GCC_WARN_UNUSED_VARIABLE = YES;
				IPHONEOS_DEPLOYMENT_TARGET = 9.0;
				MTL_ENABLE_DEBUG_INFO = YES;
				ONLY_ACTIVE_ARCH = YES;
				SDKROOT = iphoneos;
				SWIFT_ACTIVE_COMPILATION_CONDITIONS = DEBUG;
				SWIFT_OPTIMIZATION_LEVEL = "-Onone";
			};
			name = Debug;
		};
		34A192001DE761D700EC26FB /* Release */ = {
			isa = XCBuildConfiguration;
			buildSettings = {
				ALWAYS_SEARCH_USER_PATHS = NO;
				CLANG_ANALYZER_NONNULL = YES;
				CLANG_CXX_LANGUAGE_STANDARD = "gnu++0x";
				CLANG_CXX_LIBRARY = "libc++";
				CLANG_ENABLE_MODULES = YES;
				CLANG_ENABLE_OBJC_ARC = YES;
				CLANG_WARN_BOOL_CONVERSION = YES;
				CLANG_WARN_CONSTANT_CONVERSION = YES;
				CLANG_WARN_DIRECT_OBJC_ISA_USAGE = YES_ERROR;
				CLANG_WARN_DOCUMENTATION_COMMENTS = YES;
				CLANG_WARN_EMPTY_BODY = YES;
				CLANG_WARN_ENUM_CONVERSION = YES;
				CLANG_WARN_INFINITE_RECURSION = YES;
				CLANG_WARN_INT_CONVERSION = YES;
				CLANG_WARN_OBJC_ROOT_CLASS = YES_ERROR;
				CLANG_WARN_SUSPICIOUS_MOVE = YES;
				CLANG_WARN_UNREACHABLE_CODE = YES;
				CLANG_WARN__DUPLICATE_METHOD_MATCH = YES;
				"CODE_SIGN_IDENTITY[sdk=iphoneos*]" = "iPhone Developer";
				COPY_PHASE_STRIP = NO;
				DEBUG_INFORMATION_FORMAT = "dwarf-with-dsym";
				ENABLE_NS_ASSERTIONS = NO;
				ENABLE_STRICT_OBJC_MSGSEND = YES;
				GCC_C_LANGUAGE_STANDARD = gnu99;
				GCC_NO_COMMON_BLOCKS = YES;
				GCC_WARN_64_TO_32_BIT_CONVERSION = YES;
				GCC_WARN_ABOUT_RETURN_TYPE = YES_ERROR;
				GCC_WARN_UNDECLARED_SELECTOR = YES;
				GCC_WARN_UNINITIALIZED_AUTOS = YES_AGGRESSIVE;
				GCC_WARN_UNUSED_FUNCTION = YES;
				GCC_WARN_UNUSED_VARIABLE = YES;
				IPHONEOS_DEPLOYMENT_TARGET = 9.0;
				MTL_ENABLE_DEBUG_INFO = NO;
				SDKROOT = iphoneos;
				SWIFT_OPTIMIZATION_LEVEL = "-Owholemodule";
				VALIDATE_PRODUCT = YES;
			};
			name = Release;
		};
		34A192021DE761D700EC26FB /* Debug */ = {
			isa = XCBuildConfiguration;
			buildSettings = {
				ASSETCATALOG_COMPILER_APPICON_NAME = AppIcon;
				DEVELOPMENT_TEAM = 578EBFNU9W;
				INFOPLIST_FILE = Checkout/Info.plist;
				IPHONEOS_DEPLOYMENT_TARGET = 9.0;
				LD_RUNPATH_SEARCH_PATHS = "$(inherited) @executable_path/Frameworks";
				PRODUCT_BUNDLE_IDENTIFIER = com.calebeemerick.Checkout;
				PRODUCT_NAME = "$(TARGET_NAME)";
				SWIFT_VERSION = 3.0;
			};
			name = Debug;
		};
		34A192031DE761D700EC26FB /* Release */ = {
			isa = XCBuildConfiguration;
			buildSettings = {
				ASSETCATALOG_COMPILER_APPICON_NAME = AppIcon;
				DEVELOPMENT_TEAM = 578EBFNU9W;
				INFOPLIST_FILE = Checkout/Info.plist;
				IPHONEOS_DEPLOYMENT_TARGET = 9.0;
				LD_RUNPATH_SEARCH_PATHS = "$(inherited) @executable_path/Frameworks";
				PRODUCT_BUNDLE_IDENTIFIER = com.calebeemerick.Checkout;
				PRODUCT_NAME = "$(TARGET_NAME)";
				SWIFT_VERSION = 3.0;
			};
			name = Release;
		};
		34A192051DE761D700EC26FB /* Debug */ = {
			isa = XCBuildConfiguration;
			buildSettings = {
				ALWAYS_EMBED_SWIFT_STANDARD_LIBRARIES = YES;
				BUNDLE_LOADER = "$(TEST_HOST)";
				DEVELOPMENT_TEAM = 578EBFNU9W;
				INFOPLIST_FILE = CheckoutTests/Info.plist;
				LD_RUNPATH_SEARCH_PATHS = "$(inherited) @executable_path/Frameworks @loader_path/Frameworks";
				PRODUCT_BUNDLE_IDENTIFIER = com.calebeemerick.CheckoutTests;
				PRODUCT_NAME = "$(TARGET_NAME)";
				SWIFT_VERSION = 3.0;
				TEST_HOST = "$(BUILT_PRODUCTS_DIR)/Checkout.app/Checkout";
			};
			name = Debug;
		};
		34A192061DE761D700EC26FB /* Release */ = {
			isa = XCBuildConfiguration;
			buildSettings = {
				ALWAYS_EMBED_SWIFT_STANDARD_LIBRARIES = YES;
				BUNDLE_LOADER = "$(TEST_HOST)";
				DEVELOPMENT_TEAM = 578EBFNU9W;
				INFOPLIST_FILE = CheckoutTests/Info.plist;
				LD_RUNPATH_SEARCH_PATHS = "$(inherited) @executable_path/Frameworks @loader_path/Frameworks";
				PRODUCT_BUNDLE_IDENTIFIER = com.calebeemerick.CheckoutTests;
				PRODUCT_NAME = "$(TARGET_NAME)";
				SWIFT_VERSION = 3.0;
				TEST_HOST = "$(BUILT_PRODUCTS_DIR)/Checkout.app/Checkout";
			};
			name = Release;
		};
/* End XCBuildConfiguration section */

/* Begin XCConfigurationList section */
		34A191DF1DE761D700EC26FB /* Build configuration list for PBXProject "Checkout" */ = {
			isa = XCConfigurationList;
			buildConfigurations = (
				34A191FF1DE761D700EC26FB /* Debug */,
				34A192001DE761D700EC26FB /* Release */,
			);
			defaultConfigurationIsVisible = 0;
			defaultConfigurationName = Release;
		};
		34A192011DE761D700EC26FB /* Build configuration list for PBXNativeTarget "Checkout" */ = {
			isa = XCConfigurationList;
			buildConfigurations = (
				34A192021DE761D700EC26FB /* Debug */,
				34A192031DE761D700EC26FB /* Release */,
			);
			defaultConfigurationIsVisible = 0;
			defaultConfigurationName = Release;
		};
		34A192041DE761D700EC26FB /* Build configuration list for PBXNativeTarget "CheckoutTests" */ = {
			isa = XCConfigurationList;
			buildConfigurations = (
				34A192051DE761D700EC26FB /* Debug */,
				34A192061DE761D700EC26FB /* Release */,
			);
			defaultConfigurationIsVisible = 0;
			defaultConfigurationName = Release;
		};
/* End XCConfigurationList section */
	};
	rootObject = 34A191DC1DE761D700EC26FB /* Project object */;
}
